// !$*UTF8*$!
{
	archiveVersion = 1;
	classes = {
	};
	objectVersion = 55;
	objects = {

/* Begin PBXBuildFile section */
		510FBA3528B94E8400CA1935 /* WeatherCollectionViewCell.swift in Sources */ = {isa = PBXBuildFile; fileRef = 510FBA3428B94E8400CA1935 /* WeatherCollectionViewCell.swift */; };
		510FBA3728B9545800CA1935 /* MainViewController.swift in Sources */ = {isa = PBXBuildFile; fileRef = 510FBA3628B9545800CA1935 /* MainViewController.swift */; };
		51251BCF28B405F3004EDD7D /* ModuleBuilder.swift in Sources */ = {isa = PBXBuildFile; fileRef = 51251BCE28B405F3004EDD7D /* ModuleBuilder.swift */; };
		51251BD128B40F19004EDD7D /* AppCoordinator.swift in Sources */ = {isa = PBXBuildFile; fileRef = 51251BD028B40F19004EDD7D /* AppCoordinator.swift */; };
		51251BD328B41C26004EDD7D /* NetworkService.swift in Sources */ = {isa = PBXBuildFile; fileRef = 51251BD228B41C25004EDD7D /* NetworkService.swift */; };
		51251BD628B42902004EDD7D /* CurrentWeatherDataModel.swift in Sources */ = {isa = PBXBuildFile; fileRef = 51251BD528B42902004EDD7D /* CurrentWeatherDataModel.swift */; };
		5146CBFC28ACB546005ED1FE /* SettingsTableViewCell.swift in Sources */ = {isa = PBXBuildFile; fileRef = 5146CBFB28ACB546005ED1FE /* SettingsTableViewCell.swift */; };
		5146CBFF28ACC0E8005ED1FE /* UIViewExtension.swift in Sources */ = {isa = PBXBuildFile; fileRef = 5146CBFE28ACC0E8005ED1FE /* UIViewExtension.swift */; };
		5146CC0128ACC35F005ED1FE /* SettingsTableViewCellViewModel.swift in Sources */ = {isa = PBXBuildFile; fileRef = 5146CC0028ACC35F005ED1FE /* SettingsTableViewCellViewModel.swift */; };
		515809C528AC583E003363C4 /* SettingsViewController.swift in Sources */ = {isa = PBXBuildFile; fileRef = 515809C428AC583E003363C4 /* SettingsViewController.swift */; };
		515809C828AC5A35003363C4 /* SnapKit in Frameworks */ = {isa = PBXBuildFile; productRef = 515809C728AC5A35003363C4 /* SnapKit */; };
		515809CA28AC5BA7003363C4 /* SettingsView.swift in Sources */ = {isa = PBXBuildFile; fileRef = 515809C928AC5BA6003363C4 /* SettingsView.swift */; };
		515809CC28AC5CFE003363C4 /* SettingsViewModel.swift in Sources */ = {isa = PBXBuildFile; fileRef = 515809CB28AC5CFE003363C4 /* SettingsViewModel.swift */; };
		515809CE28AC5D82003363C4 /* CellIdentifiers.swift in Sources */ = {isa = PBXBuildFile; fileRef = 515809CD28AC5D82003363C4 /* CellIdentifiers.swift */; };
		515809D228AC5E73003363C4 /* SettingsManager.swift in Sources */ = {isa = PBXBuildFile; fileRef = 515809D128AC5E73003363C4 /* SettingsManager.swift */; };
		5188879128B43B0000529219 /* ForecastWeatherDataModel.swift in Sources */ = {isa = PBXBuildFile; fileRef = 5188879028B43B0000529219 /* ForecastWeatherDataModel.swift */; };
		5188879428B442C800529219 /* WeatherDescriptionDataModel.swift in Sources */ = {isa = PBXBuildFile; fileRef = 5188879328B442C800529219 /* WeatherDescriptionDataModel.swift */; };
		5188879628B442ED00529219 /* TemperatureDataModel.swift in Sources */ = {isa = PBXBuildFile; fileRef = 5188879528B442ED00529219 /* TemperatureDataModel.swift */; };
		5188879828B4430500529219 /* WindDataModel.swift in Sources */ = {isa = PBXBuildFile; fileRef = 5188879728B4430500529219 /* WindDataModel.swift */; };
		5188879A28B4431800529219 /* CloudsDataModel.swift in Sources */ = {isa = PBXBuildFile; fileRef = 5188879928B4431800529219 /* CloudsDataModel.swift */; };
		5188879C28B4432700529219 /* RainDataModel.swift in Sources */ = {isa = PBXBuildFile; fileRef = 5188879B28B4432700529219 /* RainDataModel.swift */; };
		5188879E28B4433A00529219 /* SnowDataModel.swift in Sources */ = {isa = PBXBuildFile; fileRef = 5188879D28B4433A00529219 /* SnowDataModel.swift */; };
		519AB98B28B57A6600F545B4 /* ForecastCollectionViewCell.swift in Sources */ = {isa = PBXBuildFile; fileRef = 519AB98A28B57A6600F545B4 /* ForecastCollectionViewCell.swift */; };
		519AB98D28B588D100F545B4 /* ForecastDailyTableViewCell.swift in Sources */ = {isa = PBXBuildFile; fileRef = 519AB98C28B588D100F545B4 /* ForecastDailyTableViewCell.swift */; };
		51A436D428AEE9210064F168 /* SettingData.swift in Sources */ = {isa = PBXBuildFile; fileRef = 51A436D328AEE9210064F168 /* SettingData.swift */; };
		51A436D628AEE94C0064F168 /* SettingsProperties.swift in Sources */ = {isa = PBXBuildFile; fileRef = 51A436D528AEE94C0064F168 /* SettingsProperties.swift */; };
		51A436D828AEF6210064F168 /* Colors.swift in Sources */ = {isa = PBXBuildFile; fileRef = 51A436D728AEF6210064F168 /* Colors.swift */; };
		51A436DA28AEF7590064F168 /* UIColorExtension.swift in Sources */ = {isa = PBXBuildFile; fileRef = 51A436D928AEF7590064F168 /* UIColorExtension.swift */; };
		51A62AC528AAD8CE00283E47 /* AppDelegate.swift in Sources */ = {isa = PBXBuildFile; fileRef = 51A62AC428AAD8CE00283E47 /* AppDelegate.swift */; };
		51A62AC728AAD8CE00283E47 /* SceneDelegate.swift in Sources */ = {isa = PBXBuildFile; fileRef = 51A62AC628AAD8CE00283E47 /* SceneDelegate.swift */; };
		51A62ACF28AAD8CE00283E47 /* Weather.xcdatamodeld in Sources */ = {isa = PBXBuildFile; fileRef = 51A62ACD28AAD8CE00283E47 /* Weather.xcdatamodeld */; };
		51A62AD128AAD8D100283E47 /* Assets.xcassets in Resources */ = {isa = PBXBuildFile; fileRef = 51A62AD028AAD8D100283E47 /* Assets.xcassets */; };
		51A62AD428AAD8D100283E47 /* LaunchScreen.storyboard in Resources */ = {isa = PBXBuildFile; fileRef = 51A62AD228AAD8D100283E47 /* LaunchScreen.storyboard */; };
		51C8575028BAA3F3002A6C11 /* HumidityInfoView.swift in Sources */ = {isa = PBXBuildFile; fileRef = 51C8574F28BAA3F3002A6C11 /* HumidityInfoView.swift */; };
		51CF8C4B28B7B785006677D3 /* CurrentWeatherView.swift in Sources */ = {isa = PBXBuildFile; fileRef = 51CF8C4A28B7B785006677D3 /* CurrentWeatherView.swift */; };
		51CF8C4E28B7B8F3006677D3 /* CurrentWeatherItem.swift in Sources */ = {isa = PBXBuildFile; fileRef = 51CF8C4D28B7B8F3006677D3 /* CurrentWeatherItem.swift */; };
		51CF8C5028B7BC9A006677D3 /* UIStackViewExtension.swift in Sources */ = {isa = PBXBuildFile; fileRef = 51CF8C4F28B7BC9A006677D3 /* UIStackViewExtension.swift */; };
		51F0D48228BA9921000CF520 /* CurrentWeatherInfoView.swift in Sources */ = {isa = PBXBuildFile; fileRef = 51F0D48128BA9921000CF520 /* CurrentWeatherInfoView.swift */; };
/* End PBXBuildFile section */

/* Begin PBXFileReference section */
		510FBA3428B94E8400CA1935 /* WeatherCollectionViewCell.swift */ = {isa = PBXFileReference; lastKnownFileType = sourcecode.swift; path = WeatherCollectionViewCell.swift; sourceTree = "<group>"; };
		510FBA3628B9545800CA1935 /* MainViewController.swift */ = {isa = PBXFileReference; lastKnownFileType = sourcecode.swift; path = MainViewController.swift; sourceTree = "<group>"; };
		51251BCE28B405F3004EDD7D /* ModuleBuilder.swift */ = {isa = PBXFileReference; lastKnownFileType = sourcecode.swift; path = ModuleBuilder.swift; sourceTree = "<group>"; };
		51251BD028B40F19004EDD7D /* AppCoordinator.swift */ = {isa = PBXFileReference; lastKnownFileType = sourcecode.swift; path = AppCoordinator.swift; sourceTree = "<group>"; };
		51251BD228B41C25004EDD7D /* NetworkService.swift */ = {isa = PBXFileReference; lastKnownFileType = sourcecode.swift; path = NetworkService.swift; sourceTree = "<group>"; };
		51251BD528B42902004EDD7D /* CurrentWeatherDataModel.swift */ = {isa = PBXFileReference; lastKnownFileType = sourcecode.swift; path = CurrentWeatherDataModel.swift; sourceTree = "<group>"; };
		5146CBFB28ACB546005ED1FE /* SettingsTableViewCell.swift */ = {isa = PBXFileReference; lastKnownFileType = sourcecode.swift; path = SettingsTableViewCell.swift; sourceTree = "<group>"; };
		5146CBFE28ACC0E8005ED1FE /* UIViewExtension.swift */ = {isa = PBXFileReference; lastKnownFileType = sourcecode.swift; path = UIViewExtension.swift; sourceTree = "<group>"; };
		5146CC0028ACC35F005ED1FE /* SettingsTableViewCellViewModel.swift */ = {isa = PBXFileReference; lastKnownFileType = sourcecode.swift; path = SettingsTableViewCellViewModel.swift; sourceTree = "<group>"; };
		515809C428AC583E003363C4 /* SettingsViewController.swift */ = {isa = PBXFileReference; lastKnownFileType = sourcecode.swift; path = SettingsViewController.swift; sourceTree = "<group>"; };
		515809C928AC5BA6003363C4 /* SettingsView.swift */ = {isa = PBXFileReference; lastKnownFileType = sourcecode.swift; path = SettingsView.swift; sourceTree = "<group>"; };
		515809CB28AC5CFE003363C4 /* SettingsViewModel.swift */ = {isa = PBXFileReference; lastKnownFileType = sourcecode.swift; path = SettingsViewModel.swift; sourceTree = "<group>"; };
		515809CD28AC5D82003363C4 /* CellIdentifiers.swift */ = {isa = PBXFileReference; lastKnownFileType = sourcecode.swift; path = CellIdentifiers.swift; sourceTree = "<group>"; };
		515809D128AC5E73003363C4 /* SettingsManager.swift */ = {isa = PBXFileReference; lastKnownFileType = sourcecode.swift; path = SettingsManager.swift; sourceTree = "<group>"; };
		5188879028B43B0000529219 /* ForecastWeatherDataModel.swift */ = {isa = PBXFileReference; lastKnownFileType = sourcecode.swift; path = ForecastWeatherDataModel.swift; sourceTree = "<group>"; };
		5188879328B442C800529219 /* WeatherDescriptionDataModel.swift */ = {isa = PBXFileReference; lastKnownFileType = sourcecode.swift; path = WeatherDescriptionDataModel.swift; sourceTree = "<group>"; };
		5188879528B442ED00529219 /* TemperatureDataModel.swift */ = {isa = PBXFileReference; lastKnownFileType = sourcecode.swift; path = TemperatureDataModel.swift; sourceTree = "<group>"; };
		5188879728B4430500529219 /* WindDataModel.swift */ = {isa = PBXFileReference; lastKnownFileType = sourcecode.swift; path = WindDataModel.swift; sourceTree = "<group>"; };
		5188879928B4431800529219 /* CloudsDataModel.swift */ = {isa = PBXFileReference; lastKnownFileType = sourcecode.swift; path = CloudsDataModel.swift; sourceTree = "<group>"; };
		5188879B28B4432700529219 /* RainDataModel.swift */ = {isa = PBXFileReference; lastKnownFileType = sourcecode.swift; path = RainDataModel.swift; sourceTree = "<group>"; };
		5188879D28B4433A00529219 /* SnowDataModel.swift */ = {isa = PBXFileReference; lastKnownFileType = sourcecode.swift; path = SnowDataModel.swift; sourceTree = "<group>"; };
		519AB98A28B57A6600F545B4 /* ForecastCollectionViewCell.swift */ = {isa = PBXFileReference; lastKnownFileType = sourcecode.swift; path = ForecastCollectionViewCell.swift; sourceTree = "<group>"; };
		519AB98C28B588D100F545B4 /* ForecastDailyTableViewCell.swift */ = {isa = PBXFileReference; lastKnownFileType = sourcecode.swift; path = ForecastDailyTableViewCell.swift; sourceTree = "<group>"; };
		51A436D328AEE9210064F168 /* SettingData.swift */ = {isa = PBXFileReference; lastKnownFileType = sourcecode.swift; path = SettingData.swift; sourceTree = "<group>"; };
		51A436D528AEE94C0064F168 /* SettingsProperties.swift */ = {isa = PBXFileReference; lastKnownFileType = sourcecode.swift; path = SettingsProperties.swift; sourceTree = "<group>"; };
		51A436D728AEF6210064F168 /* Colors.swift */ = {isa = PBXFileReference; lastKnownFileType = sourcecode.swift; path = Colors.swift; sourceTree = "<group>"; };
		51A436D928AEF7590064F168 /* UIColorExtension.swift */ = {isa = PBXFileReference; lastKnownFileType = sourcecode.swift; path = UIColorExtension.swift; sourceTree = "<group>"; };
		51A62AC128AAD8CE00283E47 /* Weather.app */ = {isa = PBXFileReference; explicitFileType = wrapper.application; includeInIndex = 0; path = Weather.app; sourceTree = BUILT_PRODUCTS_DIR; };
		51A62AC428AAD8CE00283E47 /* AppDelegate.swift */ = {isa = PBXFileReference; lastKnownFileType = sourcecode.swift; path = AppDelegate.swift; sourceTree = "<group>"; };
		51A62AC628AAD8CE00283E47 /* SceneDelegate.swift */ = {isa = PBXFileReference; lastKnownFileType = sourcecode.swift; path = SceneDelegate.swift; sourceTree = "<group>"; };
		51A62ACE28AAD8CE00283E47 /* Weather.xcdatamodel */ = {isa = PBXFileReference; lastKnownFileType = wrapper.xcdatamodel; path = Weather.xcdatamodel; sourceTree = "<group>"; };
		51A62AD028AAD8D100283E47 /* Assets.xcassets */ = {isa = PBXFileReference; lastKnownFileType = folder.assetcatalog; path = Assets.xcassets; sourceTree = "<group>"; };
		51A62AD328AAD8D100283E47 /* Base */ = {isa = PBXFileReference; lastKnownFileType = file.storyboard; name = Base; path = Base.lproj/LaunchScreen.storyboard; sourceTree = "<group>"; };
		51A62AD528AAD8D100283E47 /* Info.plist */ = {isa = PBXFileReference; lastKnownFileType = text.plist.xml; path = Info.plist; sourceTree = "<group>"; };
		51C8574F28BAA3F3002A6C11 /* HumidityInfoView.swift */ = {isa = PBXFileReference; lastKnownFileType = sourcecode.swift; path = HumidityInfoView.swift; sourceTree = "<group>"; };
		51CF8C4A28B7B785006677D3 /* CurrentWeatherView.swift */ = {isa = PBXFileReference; lastKnownFileType = sourcecode.swift; path = CurrentWeatherView.swift; sourceTree = "<group>"; };
		51CF8C4D28B7B8F3006677D3 /* CurrentWeatherItem.swift */ = {isa = PBXFileReference; lastKnownFileType = sourcecode.swift; path = CurrentWeatherItem.swift; sourceTree = "<group>"; };
		51CF8C4F28B7BC9A006677D3 /* UIStackViewExtension.swift */ = {isa = PBXFileReference; lastKnownFileType = sourcecode.swift; path = UIStackViewExtension.swift; sourceTree = "<group>"; };
		51F0D48128BA9921000CF520 /* CurrentWeatherInfoView.swift */ = {isa = PBXFileReference; lastKnownFileType = sourcecode.swift; path = CurrentWeatherInfoView.swift; sourceTree = "<group>"; };
/* End PBXFileReference section */

/* Begin PBXFrameworksBuildPhase section */
		51A62ABE28AAD8CE00283E47 /* Frameworks */ = {
			isa = PBXFrameworksBuildPhase;
			buildActionMask = 2147483647;
			files = (
				515809C828AC5A35003363C4 /* SnapKit in Frameworks */,
			);
			runOnlyForDeploymentPostprocessing = 0;
		};
/* End PBXFrameworksBuildPhase section */

/* Begin PBXGroup section */
		510FBA3328B94E4F00CA1935 /* WeatherView */ = {
			isa = PBXGroup;
			children = (
				51CF8C4C28B7B8C8006677D3 /* CurrentWeatherView */,
				51F0D48328BAA010000CF520 /* ForecastTableViewCell */,
				519AB98A28B57A6600F545B4 /* ForecastCollectionViewCell.swift */,
				510FBA3428B94E8400CA1935 /* WeatherCollectionViewCell.swift */,
			);
			path = WeatherView;
			sourceTree = "<group>";
		};
		51251BCD28B405BC004EDD7D /* Services */ = {
			isa = PBXGroup;
			children = (
				51251BCE28B405F3004EDD7D /* ModuleBuilder.swift */,
				51251BD028B40F19004EDD7D /* AppCoordinator.swift */,
				51251BD428B428E8004EDD7D /* NetworkService */,
			);
			path = Services;
			sourceTree = "<group>";
		};
		51251BD428B428E8004EDD7D /* NetworkService */ = {
			isa = PBXGroup;
			children = (
				5188879228B43F4900529219 /* DataModels */,
				51251BD228B41C25004EDD7D /* NetworkService.swift */,
			);
			path = NetworkService;
			sourceTree = "<group>";
		};
		5146CBFD28ACC0D6005ED1FE /* Extensions */ = {
			isa = PBXGroup;
			children = (
				5146CBFE28ACC0E8005ED1FE /* UIViewExtension.swift */,
				51A436D928AEF7590064F168 /* UIColorExtension.swift */,
				51CF8C4F28B7BC9A006677D3 /* UIStackViewExtension.swift */,
			);
			path = Extensions;
			sourceTree = "<group>";
		};
		515809C028AC57F6003363C4 /* SettingsModule */ = {
			isa = PBXGroup;
			children = (
				515809C128AC5800003363C4 /* Model */,
				515809C228AC5805003363C4 /* View */,
				515809C328AC5809003363C4 /* ViewModel */,
			);
			path = SettingsModule;
			sourceTree = "<group>";
		};
		515809C128AC5800003363C4 /* Model */ = {
			isa = PBXGroup;
			children = (
				515809D128AC5E73003363C4 /* SettingsManager.swift */,
				51A436D328AEE9210064F168 /* SettingData.swift */,
				51A436D528AEE94C0064F168 /* SettingsProperties.swift */,
			);
			path = Model;
			sourceTree = "<group>";
		};
		515809C228AC5805003363C4 /* View */ = {
			isa = PBXGroup;
			children = (
				515809C428AC583E003363C4 /* SettingsViewController.swift */,
				515809C928AC5BA6003363C4 /* SettingsView.swift */,
				5146CBFB28ACB546005ED1FE /* SettingsTableViewCell.swift */,
			);
			path = View;
			sourceTree = "<group>";
		};
		515809C328AC5809003363C4 /* ViewModel */ = {
			isa = PBXGroup;
			children = (
				515809CB28AC5CFE003363C4 /* SettingsViewModel.swift */,
				5146CC0028ACC35F005ED1FE /* SettingsTableViewCellViewModel.swift */,
			);
			path = ViewModel;
			sourceTree = "<group>";
		};
		515809D628AC5FE2003363C4 /* GlobalConstants */ = {
			isa = PBXGroup;
			children = (
				515809CD28AC5D82003363C4 /* CellIdentifiers.swift */,
				51A436D728AEF6210064F168 /* Colors.swift */,
			);
			path = GlobalConstants;
			sourceTree = "<group>";
		};
		5188879228B43F4900529219 /* DataModels */ = {
			isa = PBXGroup;
			children = (
				51251BD528B42902004EDD7D /* CurrentWeatherDataModel.swift */,
				5188879028B43B0000529219 /* ForecastWeatherDataModel.swift */,
				5188879328B442C800529219 /* WeatherDescriptionDataModel.swift */,
				5188879528B442ED00529219 /* TemperatureDataModel.swift */,
				5188879728B4430500529219 /* WindDataModel.swift */,
				5188879928B4431800529219 /* CloudsDataModel.swift */,
				5188879B28B4432700529219 /* RainDataModel.swift */,
				5188879D28B4433A00529219 /* SnowDataModel.swift */,
			);
			path = DataModels;
			sourceTree = "<group>";
		};
		519AB98628B577C500F545B4 /* MainModule */ = {
			isa = PBXGroup;
			children = (
				519AB98928B577E000F545B4 /* Model */,
				519AB98828B577DC00F545B4 /* View */,
				519AB98728B577D500F545B4 /* ViewModel */,
			);
			path = MainModule;
			sourceTree = "<group>";
		};
		519AB98728B577D500F545B4 /* ViewModel */ = {
			isa = PBXGroup;
			children = (
			);
			path = ViewModel;
			sourceTree = "<group>";
		};
		519AB98828B577DC00F545B4 /* View */ = {
			isa = PBXGroup;
			children = (
				510FBA3328B94E4F00CA1935 /* WeatherView */,
				510FBA3628B9545800CA1935 /* MainViewController.swift */,
			);
			path = View;
			sourceTree = "<group>";
		};
		519AB98928B577E000F545B4 /* Model */ = {
			isa = PBXGroup;
			children = (
			);
			path = Model;
			sourceTree = "<group>";
		};
		51A62AB828AAD8CE00283E47 = {
			isa = PBXGroup;
			children = (
				51A62AC328AAD8CE00283E47 /* Weather */,
				51A62AC228AAD8CE00283E47 /* Products */,
			);
			sourceTree = "<group>";
		};
		51A62AC228AAD8CE00283E47 /* Products */ = {
			isa = PBXGroup;
			children = (
				51A62AC128AAD8CE00283E47 /* Weather.app */,
			);
			name = Products;
			sourceTree = "<group>";
		};
		51A62AC328AAD8CE00283E47 /* Weather */ = {
			isa = PBXGroup;
			children = (
				51251BCD28B405BC004EDD7D /* Services */,
				5146CBFD28ACC0D6005ED1FE /* Extensions */,
				515809D628AC5FE2003363C4 /* GlobalConstants */,
				515809C028AC57F6003363C4 /* SettingsModule */,
				519AB98628B577C500F545B4 /* MainModule */,
				51A62AC428AAD8CE00283E47 /* AppDelegate.swift */,
				51A62AC628AAD8CE00283E47 /* SceneDelegate.swift */,
				51A62AD028AAD8D100283E47 /* Assets.xcassets */,
				51A62AD228AAD8D100283E47 /* LaunchScreen.storyboard */,
				51A62AD528AAD8D100283E47 /* Info.plist */,
				51A62ACD28AAD8CE00283E47 /* Weather.xcdatamodeld */,
			);
			path = Weather;
			sourceTree = "<group>";
		};
		51CF8C4C28B7B8C8006677D3 /* CurrentWeatherView */ = {
			isa = PBXGroup;
			children = (
				51CF8C4A28B7B785006677D3 /* CurrentWeatherView.swift */,
				51CF8C4D28B7B8F3006677D3 /* CurrentWeatherItem.swift */,
				51F0D48128BA9921000CF520 /* CurrentWeatherInfoView.swift */,
			);
			path = CurrentWeatherView;
			sourceTree = "<group>";
		};
		51F0D48328BAA010000CF520 /* ForecastTableViewCell */ = {
			isa = PBXGroup;
			children = (
				519AB98C28B588D100F545B4 /* ForecastDailyTableViewCell.swift */,
				51C8574F28BAA3F3002A6C11 /* HumidityInfoView.swift */,
			);
			path = ForecastTableViewCell;
			sourceTree = "<group>";
		};
/* End PBXGroup section */

/* Begin PBXNativeTarget section */
		51A62AC028AAD8CE00283E47 /* Weather */ = {
			isa = PBXNativeTarget;
			buildConfigurationList = 51A62AD828AAD8D100283E47 /* Build configuration list for PBXNativeTarget "Weather" */;
			buildPhases = (
				51A62ABD28AAD8CE00283E47 /* Sources */,
				51A62ABE28AAD8CE00283E47 /* Frameworks */,
				51A62ABF28AAD8CE00283E47 /* Resources */,
			);
			buildRules = (
			);
			dependencies = (
			);
			name = Weather;
			packageProductDependencies = (
				515809C728AC5A35003363C4 /* SnapKit */,
			);
			productName = Weather;
			productReference = 51A62AC128AAD8CE00283E47 /* Weather.app */;
			productType = "com.apple.product-type.application";
		};
/* End PBXNativeTarget section */

/* Begin PBXProject section */
		51A62AB928AAD8CE00283E47 /* Project object */ = {
			isa = PBXProject;
			attributes = {
				BuildIndependentTargetsInParallel = 1;
				LastSwiftUpdateCheck = 1340;
				LastUpgradeCheck = 1340;
				TargetAttributes = {
					51A62AC028AAD8CE00283E47 = {
						CreatedOnToolsVersion = 13.4.1;
					};
				};
			};
			buildConfigurationList = 51A62ABC28AAD8CE00283E47 /* Build configuration list for PBXProject "Weather" */;
			compatibilityVersion = "Xcode 13.0";
			developmentRegion = en;
			hasScannedForEncodings = 0;
			knownRegions = (
				en,
				Base,
			);
			mainGroup = 51A62AB828AAD8CE00283E47;
			packageReferences = (
				515809C628AC5A35003363C4 /* XCRemoteSwiftPackageReference "SnapKit" */,
			);
			productRefGroup = 51A62AC228AAD8CE00283E47 /* Products */;
			projectDirPath = "";
			projectRoot = "";
			targets = (
				51A62AC028AAD8CE00283E47 /* Weather */,
			);
		};
/* End PBXProject section */

/* Begin PBXResourcesBuildPhase section */
		51A62ABF28AAD8CE00283E47 /* Resources */ = {
			isa = PBXResourcesBuildPhase;
			buildActionMask = 2147483647;
			files = (
				51A62AD428AAD8D100283E47 /* LaunchScreen.storyboard in Resources */,
				51A62AD128AAD8D100283E47 /* Assets.xcassets in Resources */,
			);
			runOnlyForDeploymentPostprocessing = 0;
		};
/* End PBXResourcesBuildPhase section */

/* Begin PBXSourcesBuildPhase section */
		51A62ABD28AAD8CE00283E47 /* Sources */ = {
			isa = PBXSourcesBuildPhase;
			buildActionMask = 2147483647;
			files = (
				5146CBFF28ACC0E8005ED1FE /* UIViewExtension.swift in Sources */,
				51CF8C4E28B7B8F3006677D3 /* CurrentWeatherItem.swift in Sources */,
				515809CA28AC5BA7003363C4 /* SettingsView.swift in Sources */,
				51251BD128B40F19004EDD7D /* AppCoordinator.swift in Sources */,
				5188879128B43B0000529219 /* ForecastWeatherDataModel.swift in Sources */,
				5188879628B442ED00529219 /* TemperatureDataModel.swift in Sources */,
				51A436DA28AEF7590064F168 /* UIColorExtension.swift in Sources */,
				51251BD328B41C26004EDD7D /* NetworkService.swift in Sources */,
				51C8575028BAA3F3002A6C11 /* HumidityInfoView.swift in Sources */,
				5188879828B4430500529219 /* WindDataModel.swift in Sources */,
				51A62ACF28AAD8CE00283E47 /* Weather.xcdatamodeld in Sources */,
				5146CBFC28ACB546005ED1FE /* SettingsTableViewCell.swift in Sources */,
				51A436D628AEE94C0064F168 /* SettingsProperties.swift in Sources */,
				510FBA3728B9545800CA1935 /* MainViewController.swift in Sources */,
				51A436D428AEE9210064F168 /* SettingData.swift in Sources */,
				51CF8C5028B7BC9A006677D3 /* UIStackViewExtension.swift in Sources */,
				5188879428B442C800529219 /* WeatherDescriptionDataModel.swift in Sources */,
				515809CE28AC5D82003363C4 /* CellIdentifiers.swift in Sources */,
				5188879E28B4433A00529219 /* SnowDataModel.swift in Sources */,
				510FBA3528B94E8400CA1935 /* WeatherCollectionViewCell.swift in Sources */,
				51A62AC528AAD8CE00283E47 /* AppDelegate.swift in Sources */,
				51CF8C4B28B7B785006677D3 /* CurrentWeatherView.swift in Sources */,
				519AB98D28B588D100F545B4 /* ForecastDailyTableViewCell.swift in Sources */,
				51A62AC728AAD8CE00283E47 /* SceneDelegate.swift in Sources */,
				51F0D48228BA9921000CF520 /* CurrentWeatherInfoView.swift in Sources */,
				51A436D828AEF6210064F168 /* Colors.swift in Sources */,
				51251BCF28B405F3004EDD7D /* ModuleBuilder.swift in Sources */,
				51251BD628B42902004EDD7D /* CurrentWeatherDataModel.swift in Sources */,
				515809C528AC583E003363C4 /* SettingsViewController.swift in Sources */,
				5146CC0128ACC35F005ED1FE /* SettingsTableViewCellViewModel.swift in Sources */,
				5188879A28B4431800529219 /* CloudsDataModel.swift in Sources */,
				519AB98B28B57A6600F545B4 /* ForecastCollectionViewCell.swift in Sources */,
				5188879C28B4432700529219 /* RainDataModel.swift in Sources */,
				515809CC28AC5CFE003363C4 /* SettingsViewModel.swift in Sources */,
				515809D228AC5E73003363C4 /* SettingsManager.swift in Sources */,
			);
			runOnlyForDeploymentPostprocessing = 0;
		};
/* End PBXSourcesBuildPhase section */

/* Begin PBXVariantGroup section */
		51A62AD228AAD8D100283E47 /* LaunchScreen.storyboard */ = {
			isa = PBXVariantGroup;
			children = (
				51A62AD328AAD8D100283E47 /* Base */,
			);
			name = LaunchScreen.storyboard;
			sourceTree = "<group>";
		};
/* End PBXVariantGroup section */

/* Begin XCBuildConfiguration section */
		51A62AD628AAD8D100283E47 /* Debug */ = {
			isa = XCBuildConfiguration;
			buildSettings = {
				ALWAYS_SEARCH_USER_PATHS = NO;
				CLANG_ANALYZER_NONNULL = YES;
				CLANG_ANALYZER_NUMBER_OBJECT_CONVERSION = YES_AGGRESSIVE;
				CLANG_CXX_LANGUAGE_STANDARD = "gnu++17";
				CLANG_ENABLE_MODULES = YES;
				CLANG_ENABLE_OBJC_ARC = YES;
				CLANG_ENABLE_OBJC_WEAK = YES;
				CLANG_WARN_BLOCK_CAPTURE_AUTORELEASING = YES;
				CLANG_WARN_BOOL_CONVERSION = YES;
				CLANG_WARN_COMMA = YES;
				CLANG_WARN_CONSTANT_CONVERSION = YES;
				CLANG_WARN_DEPRECATED_OBJC_IMPLEMENTATIONS = YES;
				CLANG_WARN_DIRECT_OBJC_ISA_USAGE = YES_ERROR;
				CLANG_WARN_DOCUMENTATION_COMMENTS = YES;
				CLANG_WARN_EMPTY_BODY = YES;
				CLANG_WARN_ENUM_CONVERSION = YES;
				CLANG_WARN_INFINITE_RECURSION = YES;
				CLANG_WARN_INT_CONVERSION = YES;
				CLANG_WARN_NON_LITERAL_NULL_CONVERSION = YES;
				CLANG_WARN_OBJC_IMPLICIT_RETAIN_SELF = YES;
				CLANG_WARN_OBJC_LITERAL_CONVERSION = YES;
				CLANG_WARN_OBJC_ROOT_CLASS = YES_ERROR;
				CLANG_WARN_QUOTED_INCLUDE_IN_FRAMEWORK_HEADER = YES;
				CLANG_WARN_RANGE_LOOP_ANALYSIS = YES;
				CLANG_WARN_STRICT_PROTOTYPES = YES;
				CLANG_WARN_SUSPICIOUS_MOVE = YES;
				CLANG_WARN_UNGUARDED_AVAILABILITY = YES_AGGRESSIVE;
				CLANG_WARN_UNREACHABLE_CODE = YES;
				CLANG_WARN__DUPLICATE_METHOD_MATCH = YES;
				COPY_PHASE_STRIP = NO;
				DEBUG_INFORMATION_FORMAT = dwarf;
				ENABLE_STRICT_OBJC_MSGSEND = YES;
				ENABLE_TESTABILITY = YES;
				GCC_C_LANGUAGE_STANDARD = gnu11;
				GCC_DYNAMIC_NO_PIC = NO;
				GCC_NO_COMMON_BLOCKS = YES;
				GCC_OPTIMIZATION_LEVEL = 0;
				GCC_PREPROCESSOR_DEFINITIONS = (
					"DEBUG=1",
					"$(inherited)",
				);
				GCC_WARN_64_TO_32_BIT_CONVERSION = YES;
				GCC_WARN_ABOUT_RETURN_TYPE = YES_ERROR;
				GCC_WARN_UNDECLARED_SELECTOR = YES;
				GCC_WARN_UNINITIALIZED_AUTOS = YES_AGGRESSIVE;
				GCC_WARN_UNUSED_FUNCTION = YES;
				GCC_WARN_UNUSED_VARIABLE = YES;
				IPHONEOS_DEPLOYMENT_TARGET = 15.5;
				MTL_ENABLE_DEBUG_INFO = INCLUDE_SOURCE;
				MTL_FAST_MATH = YES;
				ONLY_ACTIVE_ARCH = YES;
				SDKROOT = iphoneos;
				SWIFT_ACTIVE_COMPILATION_CONDITIONS = DEBUG;
				SWIFT_OPTIMIZATION_LEVEL = "-Onone";
			};
			name = Debug;
		};
		51A62AD728AAD8D100283E47 /* Release */ = {
			isa = XCBuildConfiguration;
			buildSettings = {
				ALWAYS_SEARCH_USER_PATHS = NO;
				CLANG_ANALYZER_NONNULL = YES;
				CLANG_ANALYZER_NUMBER_OBJECT_CONVERSION = YES_AGGRESSIVE;
				CLANG_CXX_LANGUAGE_STANDARD = "gnu++17";
				CLANG_ENABLE_MODULES = YES;
				CLANG_ENABLE_OBJC_ARC = YES;
				CLANG_ENABLE_OBJC_WEAK = YES;
				CLANG_WARN_BLOCK_CAPTURE_AUTORELEASING = YES;
				CLANG_WARN_BOOL_CONVERSION = YES;
				CLANG_WARN_COMMA = YES;
				CLANG_WARN_CONSTANT_CONVERSION = YES;
				CLANG_WARN_DEPRECATED_OBJC_IMPLEMENTATIONS = YES;
				CLANG_WARN_DIRECT_OBJC_ISA_USAGE = YES_ERROR;
				CLANG_WARN_DOCUMENTATION_COMMENTS = YES;
				CLANG_WARN_EMPTY_BODY = YES;
				CLANG_WARN_ENUM_CONVERSION = YES;
				CLANG_WARN_INFINITE_RECURSION = YES;
				CLANG_WARN_INT_CONVERSION = YES;
				CLANG_WARN_NON_LITERAL_NULL_CONVERSION = YES;
				CLANG_WARN_OBJC_IMPLICIT_RETAIN_SELF = YES;
				CLANG_WARN_OBJC_LITERAL_CONVERSION = YES;
				CLANG_WARN_OBJC_ROOT_CLASS = YES_ERROR;
				CLANG_WARN_QUOTED_INCLUDE_IN_FRAMEWORK_HEADER = YES;
				CLANG_WARN_RANGE_LOOP_ANALYSIS = YES;
				CLANG_WARN_STRICT_PROTOTYPES = YES;
				CLANG_WARN_SUSPICIOUS_MOVE = YES;
				CLANG_WARN_UNGUARDED_AVAILABILITY = YES_AGGRESSIVE;
				CLANG_WARN_UNREACHABLE_CODE = YES;
				CLANG_WARN__DUPLICATE_METHOD_MATCH = YES;
				COPY_PHASE_STRIP = NO;
				DEBUG_INFORMATION_FORMAT = "dwarf-with-dsym";
				ENABLE_NS_ASSERTIONS = NO;
				ENABLE_STRICT_OBJC_MSGSEND = YES;
				GCC_C_LANGUAGE_STANDARD = gnu11;
				GCC_NO_COMMON_BLOCKS = YES;
				GCC_WARN_64_TO_32_BIT_CONVERSION = YES;
				GCC_WARN_ABOUT_RETURN_TYPE = YES_ERROR;
				GCC_WARN_UNDECLARED_SELECTOR = YES;
				GCC_WARN_UNINITIALIZED_AUTOS = YES_AGGRESSIVE;
				GCC_WARN_UNUSED_FUNCTION = YES;
				GCC_WARN_UNUSED_VARIABLE = YES;
				IPHONEOS_DEPLOYMENT_TARGET = 15.5;
				MTL_ENABLE_DEBUG_INFO = NO;
				MTL_FAST_MATH = YES;
				SDKROOT = iphoneos;
				SWIFT_COMPILATION_MODE = wholemodule;
				SWIFT_OPTIMIZATION_LEVEL = "-O";
				VALIDATE_PRODUCT = YES;
			};
			name = Release;
		};
		51A62AD928AAD8D100283E47 /* Debug */ = {
			isa = XCBuildConfiguration;
			buildSettings = {
				ASSETCATALOG_COMPILER_APPICON_NAME = AppIcon;
				ASSETCATALOG_COMPILER_GLOBAL_ACCENT_COLOR_NAME = AccentColor;
				CODE_SIGN_STYLE = Automatic;
				CURRENT_PROJECT_VERSION = 1;
				DEVELOPMENT_TEAM = F26DHS538R;
				GENERATE_INFOPLIST_FILE = YES;
				INFOPLIST_FILE = Weather/Info.plist;
				INFOPLIST_KEY_UIApplicationSupportsIndirectInputEvents = YES;
				INFOPLIST_KEY_UILaunchStoryboardName = LaunchScreen;
				INFOPLIST_KEY_UISupportedInterfaceOrientations = "UIInterfaceOrientationPortrait UIInterfaceOrientationLandscapeLeft UIInterfaceOrientationLandscapeRight";
				IPHONEOS_DEPLOYMENT_TARGET = 13.0;
				LD_RUNPATH_SEARCH_PATHS = (
					"$(inherited)",
					"@executable_path/Frameworks",
				);
				MARKETING_VERSION = 1.0;
				PRODUCT_BUNDLE_IDENTIFIER = com.MichaelK.Weather;
				PRODUCT_NAME = "$(TARGET_NAME)";
				SWIFT_EMIT_LOC_STRINGS = YES;
				SWIFT_VERSION = 5.0;
				TARGETED_DEVICE_FAMILY = "1,2";
			};
			name = Debug;
		};
		51A62ADA28AAD8D100283E47 /* Release */ = {
			isa = XCBuildConfiguration;
			buildSettings = {
				ASSETCATALOG_COMPILER_APPICON_NAME = AppIcon;
				ASSETCATALOG_COMPILER_GLOBAL_ACCENT_COLOR_NAME = AccentColor;
				CODE_SIGN_STYLE = Automatic;
				CURRENT_PROJECT_VERSION = 1;
				DEVELOPMENT_TEAM = F26DHS538R;
				GENERATE_INFOPLIST_FILE = YES;
				INFOPLIST_FILE = Weather/Info.plist;
				INFOPLIST_KEY_UIApplicationSupportsIndirectInputEvents = YES;
				INFOPLIST_KEY_UILaunchStoryboardName = LaunchScreen;
				INFOPLIST_KEY_UISupportedInterfaceOrientations = "UIInterfaceOrientationPortrait UIInterfaceOrientationLandscapeLeft UIInterfaceOrientationLandscapeRight";
				IPHONEOS_DEPLOYMENT_TARGET = 13.0;
				LD_RUNPATH_SEARCH_PATHS = (
					"$(inherited)",
					"@executable_path/Frameworks",
				);
				MARKETING_VERSION = 1.0;
				PRODUCT_BUNDLE_IDENTIFIER = com.MichaelK.Weather;
				PRODUCT_NAME = "$(TARGET_NAME)";
				SWIFT_EMIT_LOC_STRINGS = YES;
				SWIFT_VERSION = 5.0;
				TARGETED_DEVICE_FAMILY = "1,2";
			};
			name = Release;
		};
/* End XCBuildConfiguration section */

/* Begin XCConfigurationList section */
		51A62ABC28AAD8CE00283E47 /* Build configuration list for PBXProject "Weather" */ = {
			isa = XCConfigurationList;
			buildConfigurations = (
				51A62AD628AAD8D100283E47 /* Debug */,
				51A62AD728AAD8D100283E47 /* Release */,
			);
			defaultConfigurationIsVisible = 0;
			defaultConfigurationName = Release;
		};
		51A62AD828AAD8D100283E47 /* Build configuration list for PBXNativeTarget "Weather" */ = {
			isa = XCConfigurationList;
			buildConfigurations = (
				51A62AD928AAD8D100283E47 /* Debug */,
				51A62ADA28AAD8D100283E47 /* Release */,
			);
			defaultConfigurationIsVisible = 0;
			defaultConfigurationName = Release;
		};
/* End XCConfigurationList section */

/* Begin XCRemoteSwiftPackageReference section */
		515809C628AC5A35003363C4 /* XCRemoteSwiftPackageReference "SnapKit" */ = {
			isa = XCRemoteSwiftPackageReference;
			repositoryURL = "https://github.com/SnapKit/SnapKit";
			requirement = {
				kind = upToNextMajorVersion;
				minimumVersion = 5.0.0;
			};
		};
/* End XCRemoteSwiftPackageReference section */

/* Begin XCSwiftPackageProductDependency section */
		515809C728AC5A35003363C4 /* SnapKit */ = {
			isa = XCSwiftPackageProductDependency;
			package = 515809C628AC5A35003363C4 /* XCRemoteSwiftPackageReference "SnapKit" */;
			productName = SnapKit;
		};
/* End XCSwiftPackageProductDependency section */

/* Begin XCVersionGroup section */
		51A62ACD28AAD8CE00283E47 /* Weather.xcdatamodeld */ = {
			isa = XCVersionGroup;
			children = (
				51A62ACE28AAD8CE00283E47 /* Weather.xcdatamodel */,
			);
			currentVersion = 51A62ACE28AAD8CE00283E47 /* Weather.xcdatamodel */;
			path = Weather.xcdatamodeld;
			sourceTree = "<group>";
			versionGroupType = wrapper.xcdatamodel;
		};
/* End XCVersionGroup section */
	};
	rootObject = 51A62AB928AAD8CE00283E47 /* Project object */;
}
